
Microsoft Visual Studio Solution File, Format Version 12.00
# Visual Studio Version 16
VisualStudioVersion = 16.0.30804.86
MinimumVisualStudioVersion = 10.0.40219.1
Project("{FAE04EC0-301F-11D3-BF4B-00C04F79EFBC}") = "AddressBook_Linq", "AddressBook_Linq\AddressBook_Linq.csproj", "{734257CD-70BC-45FD-99A2-25DB2A3F64BA}"
EndProject
Global
	GlobalSection(SolutionConfigurationPlatforms) = preSolution
		Debug|Any CPU = Debug|Any CPU
		Release|Any CPU = Release|Any CPU
	EndGlobalSection
	GlobalSection(ProjectConfigurationPlatforms) = postSolution
		{734257CD-70BC-45FD-99A2-25DB2A3F64BA}.Debug|Any CPU.ActiveCfg = Debug|Any CPU
		{734257CD-70BC-45FD-99A2-25DB2A3F64BA}.Debug|Any CPU.Build.0 = Debug|Any CPU
		{734257CD-70BC-45FD-99A2-25DB2A3F64BA}.Release|Any CPU.ActiveCfg = Release|Any CPU
		{734257CD-70BC-45FD-99A2-25DB2A3F64BA}.Release|Any CPU.Build.0 = Release|Any CPU
	EndGlobalSection
	GlobalSection(SolutionProperties) = preSolution
		HideSolutionNode = FALSE
	EndGlobalSection
	GlobalSection(ExtensibilityGlobals) = postSolution
		SolutionGuid = {FAD0485B-83CC-4853-B183-C10F44ABB1BD}
	EndGlobalSection
EndGlobal
